{
  "name": "admin",
  "version": "1.0.0",
  "lockfileVersion": 1,
  "requires": true,
  "dependencies": {
    "bootstrap": {
      "version": "4.1.2",
      "resolved": "https://registry.npmjs.org/bootstrap/-/bootstrap-4.1.2.tgz",
      "integrity": "sha512-3bP609EdMc/8EwgGp8KgpN8HwnR4V4lZ9CTi5pImMrXNxpkw7dK1B05aMwQWpG1ZWmTLlBSN/uzkuz5GsmQNFA=="
    },
    "can-use-dom": {
      "version": "0.1.0",
      "resolved": "https://registry.npmjs.org/can-use-dom/-/can-use-dom-0.1.0.tgz",
      "integrity": "sha1-IsxKNKCrxDlQ9CxkEQJKP2NmtFo="
    },
    "classnames": {
      "version": "2.2.6",
      "resolved": "https://registry.npmjs.org/classnames/-/classnames-2.2.6.tgz",
      "integrity": "sha512-JR/iSQOSt+LQIWwrwEzJ9uk0xfN3mTVYMwt1Ir5mUcSN6pU+V4zQFFaJsclJbPuAUQH+yfWef6tm7l1quW3C8Q=="
    },
    "core-js": {
      "version": "2.5.7",
      "resolved": "https://registry.npmjs.org/core-js/-/core-js-2.5.7.tgz",
      "integrity": "sha512-RszJCAxg/PP6uzXVXL6BsxSXx/B05oJAQ2vkJRjyjrEcNVycaqOmNb5OTxZPE3xa5gwZduqza6L9JOCenh/Ecw=="
    },
    "css-ripple-effect": {
      "version": "1.0.5",
      "resolved": "https://registry.npmjs.org/css-ripple-effect/-/css-ripple-effect-1.0.5.tgz",
      "integrity": "sha1-aWO3Uqr1m6u9P+o+wNpdROkSLvs="
    },
    "feather-icons": {
      "version": "4.7.3",
      "resolved": "https://registry.npmjs.org/feather-icons/-/feather-icons-4.7.3.tgz",
      "integrity": "sha512-uuYklJ5HR64WgUZSAcFlZBSjU3jDjDJTr3C62G5Oxq5WmetjM58cjVNLlB4sLgveOKlpCywLTd20m4ww06eLLA==",
      "requires": {
        "classnames": "^2.2.5",
        "core-js": "^2.5.3"
      }
    },
    "izimodal": {
      "version": "1.5.1",
      "resolved": "https://registry.npmjs.org/izimodal/-/izimodal-1.5.1.tgz",
      "integrity": "sha512-DqqGUd741tAqJnWZMQRgixlgtSB6tb/HhfddmlsFWE5P7sckF2SmKVyyttpAdBdN5LUzQiF/R/+IjJw0TS5oTA==",
      "requires": {
        "jquery": "~2"
      },
      "dependencies": {
        "jquery": {
          "version": "2.2.4",
          "resolved": "https://registry.npmjs.org/jquery/-/jquery-2.2.4.tgz",
          "integrity": "sha1-LInWiJterFIqfuoywUUhVZxsvwI="
        }
      }
    },
    "jquery": {
      "version": "3.3.1",
      "resolved": "https://registry.npmjs.org/jquery/-/jquery-3.3.1.tgz",
      "integrity": "sha512-Ubldcmxp5np52/ENotGxlLe6aGMvmF4R8S6tZjsP6Knsaxd/xp3Zrh50cG93lR6nPXyUFwzN3ZSOQI0wRJNdGg=="
    },
    "khuri-common-css": {
      "version": "1.0.6",
      "resolved": "https://registry.npmjs.org/khuri-common-css/-/khuri-common-css-1.0.6.tgz",
      "integrity": "sha512-Od3HKkdSg/NJs+yMqmtvgosbeB+iJhI6biZLxLMGVPmajl5+texriXLf1nCbsSYDrDj2+U4vhcR0epswhqgFJQ=="
    },
    "lodash.debounce": {
      "version": "4.0.8",
      "resolved": "https://registry.npmjs.org/lodash.debounce/-/lodash.debounce-4.0.8.tgz",
      "integrity": "sha1-gteb/zCmfEAF/9XiUVMArZyk168="
    },
    "lodash.memoize": {
      "version": "4.1.2",
      "resolved": "https://registry.npmjs.org/lodash.memoize/-/lodash.memoize-4.1.2.tgz",
      "integrity": "sha1-vMbEmkKihA7Zl/Mj6tpezRguC/4="
    },
    "lodash.throttle": {
      "version": "4.1.1",
      "resolved": "https://registry.npmjs.org/lodash.throttle/-/lodash.throttle-4.1.1.tgz",
      "integrity": "sha1-wj6RtxAkKscMN/HhzaknTMOb8vQ="
    },
    "normalize.css": {
      "version": "8.0.0",
      "resolved": "https://registry.npmjs.org/normalize.css/-/normalize.css-8.0.0.tgz",
      "integrity": "sha512-iXcbM3NWr0XkNyfiSBsoPezi+0V92P9nj84yVV1/UZxRUrGczgX/X91KMAGM0omWLY2+2Q1gKD/XRn4gQRDB2A=="
    },
    "reset-css": {
      "version": "4.0.1",
      "resolved": "https://registry.npmjs.org/reset-css/-/reset-css-4.0.1.tgz",
      "integrity": "sha512-aQFi5IxXVegVTfz0hOmXsPSmc8tlPDQOkfatHfPu3Cm6id7UXM4OzXfsaUWJEgV2yrCngsagpIb3wHXPjKAx+Q=="
    },
    "resize-observer-polyfill": {
      "version": "1.5.1",
      "resolved": "https://registry.npmjs.org/resize-observer-polyfill/-/resize-observer-polyfill-1.5.1.tgz",
      "integrity": "sha512-LwZrotdHOo12nQuZlHEmtuXdqGoOD0OhaxopaNFxWzInpEgaLWoVuAMbTzixuosCx2nEG58ngzW3vxdWoxIgdg=="
    },
    "scrollbarwidth": {
      "version": "0.1.3",
      "resolved": "https://registry.npmjs.org/scrollbarwidth/-/scrollbarwidth-0.1.3.tgz",
      "integrity": "sha1-Gw3mTiiMOMQn9KAf4ApGKgS5T98="
    },
    "simplebar": {
      "version": "3.1.1",
      "resolved": "https://registry.npmjs.org/simplebar/-/simplebar-3.1.1.tgz",
      "integrity": "sha512-R3PUPtpLp8kCqFTQcwoeL9YYpA4laa4zZHmJ8kMN1XLOXeydTddJ63292qMOxWfCI3Ecnuqds/g2xMoZL7vqIA==",
      "requires": {
        "can-use-dom": "^0.1.0",
        "lodash.debounce": "^4.0.8",
        "lodash.memoize": "^4.1.2",
        "lodash.throttle": "^4.1.1",
        "resize-observer-polyfill": "^1.5.0",
        "scrollbarwidth": "^0.1.3"
      }
    }
  }
}
